
Microsoft Visual Studio Solution File, Format Version 12.00
# Visual Studio Version 17
VisualStudioVersion = 17.5.33627.172
MinimumVisualStudioVersion = 10.0.40219.1
Project("{8BC9CEB8-8B4A-11D0-8D11-00A0C91BC942}") = "11.2", "11.2\11.2.vcxproj", "{D3C10FA0-1417-4EDE-BDE5-DB0F97673917}"
EndProject
Project("{8BC9CEB8-8B4A-11D0-8D11-00A0C91BC942}") = "UnitTest1", "UnitTest1\UnitTest1.vcxproj", "{E7BAFD91-6C1E-48EC-BEA2-0D8FD76F6C0D}"
EndProject
Global
	GlobalSection(SolutionConfigurationPlatforms) = preSolution
		Debug|x64 = Debug|x64
		Debug|x86 = Debug|x86
		Release|x64 = Release|x64
		Release|x86 = Release|x86
	EndGlobalSection
	GlobalSection(ProjectConfigurationPlatforms) = postSolution
		{D3C10FA0-1417-4EDE-BDE5-DB0F97673917}.Debug|x64.ActiveCfg = Debug|x64
		{D3C10FA0-1417-4EDE-BDE5-DB0F97673917}.Debug|x64.Build.0 = Debug|x64
		{D3C10FA0-1417-4EDE-BDE5-DB0F97673917}.Debug|x86.ActiveCfg = Debug|Win32
		{D3C10FA0-1417-4EDE-BDE5-DB0F97673917}.Debug|x86.Build.0 = Debug|Win32
		{D3C10FA0-1417-4EDE-BDE5-DB0F97673917}.Release|x64.ActiveCfg = Release|x64
		{D3C10FA0-1417-4EDE-BDE5-DB0F97673917}.Release|x64.Build.0 = Release|x64
		{D3C10FA0-1417-4EDE-BDE5-DB0F97673917}.Release|x86.ActiveCfg = Release|Win32
		{D3C10FA0-1417-4EDE-BDE5-DB0F97673917}.Release|x86.Build.0 = Release|Win32
		{E7BAFD91-6C1E-48EC-BEA2-0D8FD76F6C0D}.Debug|x64.ActiveCfg = Debug|x64
		{E7BAFD91-6C1E-48EC-BEA2-0D8FD76F6C0D}.Debug|x64.Build.0 = Debug|x64
		{E7BAFD91-6C1E-48EC-BEA2-0D8FD76F6C0D}.Debug|x86.ActiveCfg = Debug|Win32
		{E7BAFD91-6C1E-48EC-BEA2-0D8FD76F6C0D}.Debug|x86.Build.0 = Debug|Win32
		{E7BAFD91-6C1E-48EC-BEA2-0D8FD76F6C0D}.Release|x64.ActiveCfg = Release|x64
		{E7BAFD91-6C1E-48EC-BEA2-0D8FD76F6C0D}.Release|x64.Build.0 = Release|x64
		{E7BAFD91-6C1E-48EC-BEA2-0D8FD76F6C0D}.Release|x86.ActiveCfg = Release|Win32
		{E7BAFD91-6C1E-48EC-BEA2-0D8FD76F6C0D}.Release|x86.Build.0 = Release|Win32
	EndGlobalSection
	GlobalSection(SolutionProperties) = preSolution
		HideSolutionNode = FALSE
	EndGlobalSection
	GlobalSection(ExtensibilityGlobals) = postSolution
		SolutionGuid = {0CE8FD7B-9A06-4B1D-958C-B89D321C47FE}
	EndGlobalSection
EndGlobal
