
Microsoft Visual Studio Solution File, Format Version 12.00
# Visual Studio Version 17
VisualStudioVersion = 17.5.33627.172
MinimumVisualStudioVersion = 10.0.40219.1
Project("{8BC9CEB8-8B4A-11D0-8D11-00A0C91BC942}") = "8.1CHAR", "8.1CHAR\8.1CHAR.vcxproj", "{6823D83D-606E-42D7-80C2-03BC250550EF}"
EndProject
Project("{8BC9CEB8-8B4A-11D0-8D11-00A0C91BC942}") = "UnitTest1", "UnitTest1\UnitTest1.vcxproj", "{43907CA2-9E47-4D6E-8367-8A8DECA72D93}"
EndProject
Global
	GlobalSection(SolutionConfigurationPlatforms) = preSolution
		Debug|x64 = Debug|x64
		Debug|x86 = Debug|x86
		Release|x64 = Release|x64
		Release|x86 = Release|x86
	EndGlobalSection
	GlobalSection(ProjectConfigurationPlatforms) = postSolution
		{6823D83D-606E-42D7-80C2-03BC250550EF}.Debug|x64.ActiveCfg = Debug|x64
		{6823D83D-606E-42D7-80C2-03BC250550EF}.Debug|x64.Build.0 = Debug|x64
		{6823D83D-606E-42D7-80C2-03BC250550EF}.Debug|x86.ActiveCfg = Debug|Win32
		{6823D83D-606E-42D7-80C2-03BC250550EF}.Debug|x86.Build.0 = Debug|Win32
		{6823D83D-606E-42D7-80C2-03BC250550EF}.Release|x64.ActiveCfg = Release|x64
		{6823D83D-606E-42D7-80C2-03BC250550EF}.Release|x64.Build.0 = Release|x64
		{6823D83D-606E-42D7-80C2-03BC250550EF}.Release|x86.ActiveCfg = Release|Win32
		{6823D83D-606E-42D7-80C2-03BC250550EF}.Release|x86.Build.0 = Release|Win32
		{43907CA2-9E47-4D6E-8367-8A8DECA72D93}.Debug|x64.ActiveCfg = Debug|x64
		{43907CA2-9E47-4D6E-8367-8A8DECA72D93}.Debug|x64.Build.0 = Debug|x64
		{43907CA2-9E47-4D6E-8367-8A8DECA72D93}.Debug|x86.ActiveCfg = Debug|Win32
		{43907CA2-9E47-4D6E-8367-8A8DECA72D93}.Debug|x86.Build.0 = Debug|Win32
		{43907CA2-9E47-4D6E-8367-8A8DECA72D93}.Release|x64.ActiveCfg = Release|x64
		{43907CA2-9E47-4D6E-8367-8A8DECA72D93}.Release|x64.Build.0 = Release|x64
		{43907CA2-9E47-4D6E-8367-8A8DECA72D93}.Release|x86.ActiveCfg = Release|Win32
		{43907CA2-9E47-4D6E-8367-8A8DECA72D93}.Release|x86.Build.0 = Release|Win32
	EndGlobalSection
	GlobalSection(SolutionProperties) = preSolution
		HideSolutionNode = FALSE
	EndGlobalSection
	GlobalSection(ExtensibilityGlobals) = postSolution
		SolutionGuid = {2702900F-40BC-440C-916A-67F9426D2C34}
	EndGlobalSection
EndGlobal
