
Microsoft Visual Studio Solution File, Format Version 12.00
# Visual Studio Version 17
VisualStudioVersion = 17.5.33627.172
MinimumVisualStudioVersion = 10.0.40219.1
Project("{8BC9CEB8-8B4A-11D0-8D11-00A0C91BC942}") = "9.1.1", "9.1.1\9.1.1.vcxproj", "{DBD8E475-0E32-4821-851F-81A3F3CE20B5}"
EndProject
Project("{8BC9CEB8-8B4A-11D0-8D11-00A0C91BC942}") = "UnitTest1", "UnitTest1\UnitTest1.vcxproj", "{0B842E2D-B371-4BE3-A170-2B148F1D782E}"
EndProject
Global
	GlobalSection(SolutionConfigurationPlatforms) = preSolution
		Debug|x64 = Debug|x64
		Debug|x86 = Debug|x86
		Release|x64 = Release|x64
		Release|x86 = Release|x86
	EndGlobalSection
	GlobalSection(ProjectConfigurationPlatforms) = postSolution
		{DBD8E475-0E32-4821-851F-81A3F3CE20B5}.Debug|x64.ActiveCfg = Debug|x64
		{DBD8E475-0E32-4821-851F-81A3F3CE20B5}.Debug|x64.Build.0 = Debug|x64
		{DBD8E475-0E32-4821-851F-81A3F3CE20B5}.Debug|x86.ActiveCfg = Debug|Win32
		{DBD8E475-0E32-4821-851F-81A3F3CE20B5}.Debug|x86.Build.0 = Debug|Win32
		{DBD8E475-0E32-4821-851F-81A3F3CE20B5}.Release|x64.ActiveCfg = Release|x64
		{DBD8E475-0E32-4821-851F-81A3F3CE20B5}.Release|x64.Build.0 = Release|x64
		{DBD8E475-0E32-4821-851F-81A3F3CE20B5}.Release|x86.ActiveCfg = Release|Win32
		{DBD8E475-0E32-4821-851F-81A3F3CE20B5}.Release|x86.Build.0 = Release|Win32
		{0B842E2D-B371-4BE3-A170-2B148F1D782E}.Debug|x64.ActiveCfg = Debug|x64
		{0B842E2D-B371-4BE3-A170-2B148F1D782E}.Debug|x64.Build.0 = Debug|x64
		{0B842E2D-B371-4BE3-A170-2B148F1D782E}.Debug|x86.ActiveCfg = Debug|Win32
		{0B842E2D-B371-4BE3-A170-2B148F1D782E}.Debug|x86.Build.0 = Debug|Win32
		{0B842E2D-B371-4BE3-A170-2B148F1D782E}.Release|x64.ActiveCfg = Release|x64
		{0B842E2D-B371-4BE3-A170-2B148F1D782E}.Release|x64.Build.0 = Release|x64
		{0B842E2D-B371-4BE3-A170-2B148F1D782E}.Release|x86.ActiveCfg = Release|Win32
		{0B842E2D-B371-4BE3-A170-2B148F1D782E}.Release|x86.Build.0 = Release|Win32
	EndGlobalSection
	GlobalSection(SolutionProperties) = preSolution
		HideSolutionNode = FALSE
	EndGlobalSection
	GlobalSection(ExtensibilityGlobals) = postSolution
		SolutionGuid = {82F296A6-6D3C-42CA-BDFA-1D113012413F}
	EndGlobalSection
EndGlobal
